{
  "version": "4",
  "specifiers": {
    "npm:@deno/vite-plugin@1.0.1": "1.0.1_vite@5.4.11__sass-embedded@1.82.0_sass-embedded@1.82.0",
    "npm:oxlint@0.14.0": "0.14.0",
    "npm:sass-embedded@1.82.0": "1.82.0",
    "npm:typescript@5.7.2": "5.7.2",
    "npm:vite-plugin-oxlint@1.1.0": "1.1.0_oxlint@0.10.3",
    "npm:vite@*": "6.0.3_sass-embedded@1.82.0",
    "npm:vite@6.0.3": "6.0.3_sass-embedded@1.82.0"
  },
  "npm": {
    "@bufbuild/protobuf@2.2.2": {
      "integrity": "sha512-UNtPCbrwrenpmrXuRwn9jYpPoweNXj8X5sMvYgsqYyaH8jQ6LfUJSk3dJLnBK+6sfYPrF4iAIo5sd5HQ+tg75A=="
    },
    "@deno/vite-plugin@1.0.1_vite@5.4.11__sass-embedded@1.82.0_sass-embedded@1.82.0": {
      "integrity": "sha512-w5drKBzKrUuV3xXfW+kkVxFpAlLELTwpLmN8Fwzw21wCew8SaR/AXPYbpUvIxdl8P61J52ufUez/kSalOD5sKA==",
      "dependencies": [
        "vite@5.4.11_sass-embedded@1.82.0"
      ]
    },
    "@esbuild/aix-ppc64@0.21.5": {
      "integrity": "sha512-1SDgH6ZSPTlggy1yI6+Dbkiz8xzpHJEVAlF/AM1tHPLsf5STom9rwtjE4hKAF20FfXXNTFqEYXyJNWh1GiZedQ=="
    },
    "@esbuild/aix-ppc64@0.24.0": {
      "integrity": "sha512-WtKdFM7ls47zkKHFVzMz8opM7LkcsIp9amDUBIAWirg70RM71WRSjdILPsY5Uv1D42ZpUfaPILDlfactHgsRkw=="
    },
    "@esbuild/android-arm64@0.21.5": {
      "integrity": "sha512-c0uX9VAUBQ7dTDCjq+wdyGLowMdtR/GoC2U5IYk/7D1H1JYC0qseD7+11iMP2mRLN9RcCMRcjC4YMclCzGwS/A=="
    },
    "@esbuild/android-arm64@0.24.0": {
      "integrity": "sha512-Vsm497xFM7tTIPYK9bNTYJyF/lsP590Qc1WxJdlB6ljCbdZKU9SY8i7+Iin4kyhV/KV5J2rOKsBQbB77Ab7L/w=="
    },
    "@esbuild/android-arm@0.21.5": {
      "integrity": "sha512-vCPvzSjpPHEi1siZdlvAlsPxXl7WbOVUBBAowWug4rJHb68Ox8KualB+1ocNvT5fjv6wpkX6o/iEpbDrf68zcg=="
    },
    "@esbuild/android-arm@0.24.0": {
      "integrity": "sha512-arAtTPo76fJ/ICkXWetLCc9EwEHKaeya4vMrReVlEIUCAUncH7M4bhMQ+M9Vf+FFOZJdTNMXNBrWwW+OXWpSew=="
    },
    "@esbuild/android-x64@0.21.5": {
      "integrity": "sha512-D7aPRUUNHRBwHxzxRvp856rjUHRFW1SdQATKXH2hqA0kAZb1hKmi02OpYRacl0TxIGz/ZmXWlbZgjwWYaCakTA=="
    },
    "@esbuild/android-x64@0.24.0": {
      "integrity": "sha512-t8GrvnFkiIY7pa7mMgJd7p8p8qqYIz1NYiAoKc75Zyv73L3DZW++oYMSHPRarcotTKuSs6m3hTOa5CKHaS02TQ=="
    },
    "@esbuild/darwin-arm64@0.21.5": {
      "integrity": "sha512-DwqXqZyuk5AiWWf3UfLiRDJ5EDd49zg6O9wclZ7kUMv2WRFr4HKjXp/5t8JZ11QbQfUS6/cRCKGwYhtNAY88kQ=="
    },
    "@esbuild/darwin-arm64@0.24.0": {
      "integrity": "sha512-CKyDpRbK1hXwv79soeTJNHb5EiG6ct3efd/FTPdzOWdbZZfGhpbcqIpiD0+vwmpu0wTIL97ZRPZu8vUt46nBSw=="
    },
    "@esbuild/darwin-x64@0.21.5": {
      "integrity": "sha512-se/JjF8NlmKVG4kNIuyWMV/22ZaerB+qaSi5MdrXtd6R08kvs2qCN4C09miupktDitvh8jRFflwGFBQcxZRjbw=="
    },
    "@esbuild/darwin-x64@0.24.0": {
      "integrity": "sha512-rgtz6flkVkh58od4PwTRqxbKH9cOjaXCMZgWD905JOzjFKW+7EiUObfd/Kav+A6Gyud6WZk9w+xu6QLytdi2OA=="
    },
    "@esbuild/freebsd-arm64@0.21.5": {
      "integrity": "sha512-5JcRxxRDUJLX8JXp/wcBCy3pENnCgBR9bN6JsY4OmhfUtIHe3ZW0mawA7+RDAcMLrMIZaf03NlQiX9DGyB8h4g=="
    },
    "@esbuild/freebsd-arm64@0.24.0": {
      "integrity": "sha512-6Mtdq5nHggwfDNLAHkPlyLBpE5L6hwsuXZX8XNmHno9JuL2+bg2BX5tRkwjyfn6sKbxZTq68suOjgWqCicvPXA=="
    },
    "@esbuild/freebsd-x64@0.21.5": {
      "integrity": "sha512-J95kNBj1zkbMXtHVH29bBriQygMXqoVQOQYA+ISs0/2l3T9/kj42ow2mpqerRBxDJnmkUDCaQT/dfNXWX/ZZCQ=="
    },
    "@esbuild/freebsd-x64@0.24.0": {
      "integrity": "sha512-D3H+xh3/zphoX8ck4S2RxKR6gHlHDXXzOf6f/9dbFt/NRBDIE33+cVa49Kil4WUjxMGW0ZIYBYtaGCa2+OsQwQ=="
    },
    "@esbuild/linux-arm64@0.21.5": {
      "integrity": "sha512-ibKvmyYzKsBeX8d8I7MH/TMfWDXBF3db4qM6sy+7re0YXya+K1cem3on9XgdT2EQGMu4hQyZhan7TeQ8XkGp4Q=="
    },
    "@esbuild/linux-arm64@0.24.0": {
      "integrity": "sha512-TDijPXTOeE3eaMkRYpcy3LarIg13dS9wWHRdwYRnzlwlA370rNdZqbcp0WTyyV/k2zSxfko52+C7jU5F9Tfj1g=="
    },
    "@esbuild/linux-arm@0.21.5": {
      "integrity": "sha512-bPb5AHZtbeNGjCKVZ9UGqGwo8EUu4cLq68E95A53KlxAPRmUyYv2D6F0uUI65XisGOL1hBP5mTronbgo+0bFcA=="
    },
    "@esbuild/linux-arm@0.24.0": {
      "integrity": "sha512-gJKIi2IjRo5G6Glxb8d3DzYXlxdEj2NlkixPsqePSZMhLudqPhtZ4BUrpIuTjJYXxvF9njql+vRjB2oaC9XpBw=="
    },
    "@esbuild/linux-ia32@0.21.5": {
      "integrity": "sha512-YvjXDqLRqPDl2dvRODYmmhz4rPeVKYvppfGYKSNGdyZkA01046pLWyRKKI3ax8fbJoK5QbxblURkwK/MWY18Tg=="
    },
    "@esbuild/linux-ia32@0.24.0": {
      "integrity": "sha512-K40ip1LAcA0byL05TbCQ4yJ4swvnbzHscRmUilrmP9Am7//0UjPreh4lpYzvThT2Quw66MhjG//20mrufm40mA=="
    },
    "@esbuild/linux-loong64@0.21.5": {
      "integrity": "sha512-uHf1BmMG8qEvzdrzAqg2SIG/02+4/DHB6a9Kbya0XDvwDEKCoC8ZRWI5JJvNdUjtciBGFQ5PuBlpEOXQj+JQSg=="
    },
    "@esbuild/linux-loong64@0.24.0": {
      "integrity": "sha512-0mswrYP/9ai+CU0BzBfPMZ8RVm3RGAN/lmOMgW4aFUSOQBjA31UP8Mr6DDhWSuMwj7jaWOT0p0WoZ6jeHhrD7g=="
    },
    "@esbuild/linux-mips64el@0.21.5": {
      "integrity": "sha512-IajOmO+KJK23bj52dFSNCMsz1QP1DqM6cwLUv3W1QwyxkyIWecfafnI555fvSGqEKwjMXVLokcV5ygHW5b3Jbg=="
    },
    "@esbuild/linux-mips64el@0.24.0": {
      "integrity": "sha512-hIKvXm0/3w/5+RDtCJeXqMZGkI2s4oMUGj3/jM0QzhgIASWrGO5/RlzAzm5nNh/awHE0A19h/CvHQe6FaBNrRA=="
    },
    "@esbuild/linux-ppc64@0.21.5": {
      "integrity": "sha512-1hHV/Z4OEfMwpLO8rp7CvlhBDnjsC3CttJXIhBi+5Aj5r+MBvy4egg7wCbe//hSsT+RvDAG7s81tAvpL2XAE4w=="
    },
    "@esbuild/linux-ppc64@0.24.0": {
      "integrity": "sha512-HcZh5BNq0aC52UoocJxaKORfFODWXZxtBaaZNuN3PUX3MoDsChsZqopzi5UupRhPHSEHotoiptqikjN/B77mYQ=="
    },
    "@esbuild/linux-riscv64@0.21.5": {
      "integrity": "sha512-2HdXDMd9GMgTGrPWnJzP2ALSokE/0O5HhTUvWIbD3YdjME8JwvSCnNGBnTThKGEB91OZhzrJ4qIIxk/SBmyDDA=="
    },
    "@esbuild/linux-riscv64@0.24.0": {
      "integrity": "sha512-bEh7dMn/h3QxeR2KTy1DUszQjUrIHPZKyO6aN1X4BCnhfYhuQqedHaa5MxSQA/06j3GpiIlFGSsy1c7Gf9padw=="
    },
    "@esbuild/linux-s390x@0.21.5": {
      "integrity": "sha512-zus5sxzqBJD3eXxwvjN1yQkRepANgxE9lgOW2qLnmr8ikMTphkjgXu1HR01K4FJg8h1kEEDAqDcZQtbrRnB41A=="
    },
    "@esbuild/linux-s390x@0.24.0": {
      "integrity": "sha512-ZcQ6+qRkw1UcZGPyrCiHHkmBaj9SiCD8Oqd556HldP+QlpUIe2Wgn3ehQGVoPOvZvtHm8HPx+bH20c9pvbkX3g=="
    },
    "@esbuild/linux-x64@0.21.5": {
      "integrity": "sha512-1rYdTpyv03iycF1+BhzrzQJCdOuAOtaqHTWJZCWvijKD2N5Xu0TtVC8/+1faWqcP9iBCWOmjmhoH94dH82BxPQ=="
    },
    "@esbuild/linux-x64@0.24.0": {
      "integrity": "sha512-vbutsFqQ+foy3wSSbmjBXXIJ6PL3scghJoM8zCL142cGaZKAdCZHyf+Bpu/MmX9zT9Q0zFBVKb36Ma5Fzfa8xA=="
    },
    "@esbuild/netbsd-x64@0.21.5": {
      "integrity": "sha512-Woi2MXzXjMULccIwMnLciyZH4nCIMpWQAs049KEeMvOcNADVxo0UBIQPfSmxB3CWKedngg7sWZdLvLczpe0tLg=="
    },
    "@esbuild/netbsd-x64@0.24.0": {
      "integrity": "sha512-hjQ0R/ulkO8fCYFsG0FZoH+pWgTTDreqpqY7UnQntnaKv95uP5iW3+dChxnx7C3trQQU40S+OgWhUVwCjVFLvg=="
    },
    "@esbuild/openbsd-arm64@0.24.0": {
      "integrity": "sha512-MD9uzzkPQbYehwcN583yx3Tu5M8EIoTD+tUgKF982WYL9Pf5rKy9ltgD0eUgs8pvKnmizxjXZyLt0z6DC3rRXg=="
    },
    "@esbuild/openbsd-x64@0.21.5": {
      "integrity": "sha512-HLNNw99xsvx12lFBUwoT8EVCsSvRNDVxNpjZ7bPn947b8gJPzeHWyNVhFsaerc0n3TsbOINvRP2byTZ5LKezow=="
    },
    "@esbuild/openbsd-x64@0.24.0": {
      "integrity": "sha512-4ir0aY1NGUhIC1hdoCzr1+5b43mw99uNwVzhIq1OY3QcEwPDO3B7WNXBzaKY5Nsf1+N11i1eOfFcq+D/gOS15Q=="
    },
    "@esbuild/sunos-x64@0.21.5": {
      "integrity": "sha512-6+gjmFpfy0BHU5Tpptkuh8+uw3mnrvgs+dSPQXQOv3ekbordwnzTVEb4qnIvQcYXq6gzkyTnoZ9dZG+D4garKg=="
    },
    "@esbuild/sunos-x64@0.24.0": {
      "integrity": "sha512-jVzdzsbM5xrotH+W5f1s+JtUy1UWgjU0Cf4wMvffTB8m6wP5/kx0KiaLHlbJO+dMgtxKV8RQ/JvtlFcdZ1zCPA=="
    },
    "@esbuild/win32-arm64@0.21.5": {
      "integrity": "sha512-Z0gOTd75VvXqyq7nsl93zwahcTROgqvuAcYDUr+vOv8uHhNSKROyU961kgtCD1e95IqPKSQKH7tBTslnS3tA8A=="
    },
    "@esbuild/win32-arm64@0.24.0": {
      "integrity": "sha512-iKc8GAslzRpBytO2/aN3d2yb2z8XTVfNV0PjGlCxKo5SgWmNXx82I/Q3aG1tFfS+A2igVCY97TJ8tnYwpUWLCA=="
    },
    "@esbuild/win32-ia32@0.21.5": {
      "integrity": "sha512-SWXFF1CL2RVNMaVs+BBClwtfZSvDgtL//G/smwAc5oVK/UPu2Gu9tIaRgFmYFFKrmg3SyAjSrElf0TiJ1v8fYA=="
    },
    "@esbuild/win32-ia32@0.24.0": {
      "integrity": "sha512-vQW36KZolfIudCcTnaTpmLQ24Ha1RjygBo39/aLkM2kmjkWmZGEJ5Gn9l5/7tzXA42QGIoWbICfg6KLLkIw6yw=="
    },
    "@esbuild/win32-x64@0.21.5": {
      "integrity": "sha512-tQd/1efJuzPC6rCFwEvLtci/xNFcTZknmXs98FYDfGE4wP9ClFV98nyKrzJKVPMhdDnjzLhdUyMX4PsQAPjwIw=="
    },
    "@esbuild/win32-x64@0.24.0": {
      "integrity": "sha512-7IAFPrjSQIJrGsK6flwg7NFmwBoSTyF3rl7If0hNUFQU4ilTsEPL6GuMuU9BfIWVVGuRnuIidkSMC+c0Otu8IA=="
    },
    "@oxlint/darwin-arm64@0.10.3": {
      "integrity": "sha512-1zcWSqr9DmhbSrV1SEZRywp81CNq8ZidIcFGB8tGUMnlBNYiHnxyHHh2GIZsr1C2exmkBUGXruM1P8eQ9BWGuQ=="
    },
    "@oxlint/darwin-arm64@0.14.0": {
      "integrity": "sha512-TnGzzJ5BWfj4d3GYdtiMNrCswr00i/f3UwUL5gD71J67nyMAagYwyJI5atCV8LKoa9DJnuc7//HfuPHhQoNKdA=="
    },
    "@oxlint/darwin-x64@0.10.3": {
      "integrity": "sha512-lPAXCwYb+wZgjWAMhtPjGn7n1h8HvTulj6XCRyIgUu/aTGDRtnsae9IPXsJ9LJwYu5wyzkcWow0nhlIxkDaZ+w=="
    },
    "@oxlint/darwin-x64@0.14.0": {
      "integrity": "sha512-MUbf9R2CjTuPQD+HOk9V+Aq05aWlzr2jj8cnIMUDiiwX2hTkprJKcoXyAIJp/OCDd1ufHpo9n7fKTyYtpJUFzA=="
    },
    "@oxlint/linux-arm64-gnu@0.10.3": {
      "integrity": "sha512-OmzpNVRwhjuI/RtoG4ROrwxRICTLoBB3ua4/Mh2iC3RelOog2xhlAAJHenKtzgQXNmebWof/0EckFpMfID7fMw=="
    },
    "@oxlint/linux-arm64-gnu@0.14.0": {
      "integrity": "sha512-ofWwFpdD8to59cjOVE+fgIS+uJLX5VbJkkYB2MCpahdzffiWTTvZCVU2TSDJxVr8VpXrF1E8SWDnmHNHzke4bg=="
    },
    "@oxlint/linux-arm64-musl@0.10.3": {
      "integrity": "sha512-QQzlIW6rKOoGZK19gz/kbAbIFROJEV6ER0smcoBA7FzwsQ/ji796qx3TdITelgJwJt5x+OG5ZHztIjyzC871ZQ=="
    },
    "@oxlint/linux-arm64-musl@0.14.0": {
      "integrity": "sha512-yypOsNETNE/8DQELHbw34It1Ab0HxfIooNjmK4YrJBCbVYqr6HOl/oHHb/KauZrAAfoABOMPu5G1igyXNgPvlg=="
    },
    "@oxlint/linux-x64-gnu@0.10.3": {
      "integrity": "sha512-m4ZUKsQNXxXmHUYBEaO7KN83DPVsLTq8KaRO4qj0Cs1RgD8O3YYCCDewVe8x/9yskQrCCTP4mL0G4IZgDJ3Gpg=="
    },
    "@oxlint/linux-x64-gnu@0.14.0": {
      "integrity": "sha512-E9ZSFo+phvUKM9+pjKCxx6GeT+DfWK8fPxupCpFljWD0zgZQKiXv1FY5+TOPjJqI7aMjLfGuC5VfGjVRgs87Ug=="
    },
    "@oxlint/linux-x64-musl@0.10.3": {
      "integrity": "sha512-XKvAUYxE9bHjvWE4wmOlIdaVQN7pzZAH3Rx1EFg0MfGBVjyDm+uf0P3so+gx2PowqvBnBneL9tth2AS3Bcjl6g=="
    },
    "@oxlint/linux-x64-musl@0.14.0": {
      "integrity": "sha512-MmtNF/g0u15smzyYJd5QGlyhAU8V6ZMQrFAXGhoRo5AfWzbNyOOUFmJVNLa/yvs4F+1m7oEfaegxk3BeVyufPQ=="
    },
    "@oxlint/win32-arm64@0.10.3": {
      "integrity": "sha512-8xhYVvnwrveMHyXAgQAaDjJWFij4mZP6jtMlBIjk6pZSrjUzX+9o7Wh1zgH6kYApmcPDAzomYJLSYvyF5PzluA=="
    },
    "@oxlint/win32-arm64@0.14.0": {
      "integrity": "sha512-67dJ57QImulc8qu9xuF5NsQAHvwr1N3Fpy1j/gaGZE973pEVoW9fFO88tnmY2L5SjWf9o3nHwti1tlU99JuOlw=="
    },
    "@oxlint/win32-x64@0.10.3": {
      "integrity": "sha512-dQiHruLd42aock1WHp5BFvRvaz+Pe436dQkcmlCVmInhmOjRpDEVKPUUWamrImV6S8VM63bn4Jp60vpprjJQdQ=="
    },
    "@oxlint/win32-x64@0.14.0": {
      "integrity": "sha512-fw8IEW7osGYIgfEMEW4AqPg1q8/kZd0cpO51ixvekVOuhZNC8PX8Wdx97U+XTowOFrkCcr3+szR9PZEjKyR1FQ=="
    },
    "@rollup/rollup-android-arm-eabi@4.28.0": {
      "integrity": "sha512-wLJuPLT6grGZsy34g4N1yRfYeouklTgPhH1gWXCYspenKYD0s3cR99ZevOGw5BexMNywkbV3UkjADisozBmpPQ=="
    },
    "@rollup/rollup-android-arm64@4.28.0": {
      "integrity": "sha512-eiNkznlo0dLmVG/6wf+Ifi/v78G4d4QxRhuUl+s8EWZpDewgk7PX3ZyECUXU0Zq/Ca+8nU8cQpNC4Xgn2gFNDA=="
    },
    "@rollup/rollup-darwin-arm64@4.28.0": {
      "integrity": "sha512-lmKx9yHsppblnLQZOGxdO66gT77bvdBtr/0P+TPOseowE7D9AJoBw8ZDULRasXRWf1Z86/gcOdpBrV6VDUY36Q=="
    },
    "@rollup/rollup-darwin-x64@4.28.0": {
      "integrity": "sha512-8hxgfReVs7k9Js1uAIhS6zq3I+wKQETInnWQtgzt8JfGx51R1N6DRVy3F4o0lQwumbErRz52YqwjfvuwRxGv1w=="
    },
    "@rollup/rollup-freebsd-arm64@4.28.0": {
      "integrity": "sha512-lA1zZB3bFx5oxu9fYud4+g1mt+lYXCoch0M0V/xhqLoGatbzVse0wlSQ1UYOWKpuSu3gyN4qEc0Dxf/DII1bhQ=="
    },
    "@rollup/rollup-freebsd-x64@4.28.0": {
      "integrity": "sha512-aI2plavbUDjCQB/sRbeUZWX9qp12GfYkYSJOrdYTL/C5D53bsE2/nBPuoiJKoWp5SN78v2Vr8ZPnB+/VbQ2pFA=="
    },
    "@rollup/rollup-linux-arm-gnueabihf@4.28.0": {
      "integrity": "sha512-WXveUPKtfqtaNvpf0iOb0M6xC64GzUX/OowbqfiCSXTdi/jLlOmH0Ba94/OkiY2yTGTwteo4/dsHRfh5bDCZ+w=="
    },
    "@rollup/rollup-linux-arm-musleabihf@4.28.0": {
      "integrity": "sha512-yLc3O2NtOQR67lI79zsSc7lk31xjwcaocvdD1twL64PK1yNaIqCeWI9L5B4MFPAVGEVjH5k1oWSGuYX1Wutxpg=="
    },
    "@rollup/rollup-linux-arm64-gnu@4.28.0": {
      "integrity": "sha512-+P9G9hjEpHucHRXqesY+3X9hD2wh0iNnJXX/QhS/J5vTdG6VhNYMxJ2rJkQOxRUd17u5mbMLHM7yWGZdAASfcg=="
    },
    "@rollup/rollup-linux-arm64-musl@4.28.0": {
      "integrity": "sha512-1xsm2rCKSTpKzi5/ypT5wfc+4bOGa/9yI/eaOLW0oMs7qpC542APWhl4A37AENGZ6St6GBMWhCCMM6tXgTIplw=="
    },
    "@rollup/rollup-linux-powerpc64le-gnu@4.28.0": {
      "integrity": "sha512-zgWxMq8neVQeXL+ouSf6S7DoNeo6EPgi1eeqHXVKQxqPy1B2NvTbaOUWPn/7CfMKL7xvhV0/+fq/Z/J69g1WAQ=="
    },
    "@rollup/rollup-linux-riscv64-gnu@4.28.0": {
      "integrity": "sha512-VEdVYacLniRxbRJLNtzwGt5vwS0ycYshofI7cWAfj7Vg5asqj+pt+Q6x4n+AONSZW/kVm+5nklde0qs2EUwU2g=="
    },
    "@rollup/rollup-linux-s390x-gnu@4.28.0": {
      "integrity": "sha512-LQlP5t2hcDJh8HV8RELD9/xlYtEzJkm/aWGsauvdO2ulfl3QYRjqrKW+mGAIWP5kdNCBheqqqYIGElSRCaXfpw=="
    },
    "@rollup/rollup-linux-x64-gnu@4.28.0": {
      "integrity": "sha512-Nl4KIzteVEKE9BdAvYoTkW19pa7LR/RBrT6F1dJCV/3pbjwDcaOq+edkP0LXuJ9kflW/xOK414X78r+K84+msw=="
    },
    "@rollup/rollup-linux-x64-musl@4.28.0": {
      "integrity": "sha512-eKpJr4vBDOi4goT75MvW+0dXcNUqisK4jvibY9vDdlgLx+yekxSm55StsHbxUsRxSTt3JEQvlr3cGDkzcSP8bw=="
    },
    "@rollup/rollup-win32-arm64-msvc@4.28.0": {
      "integrity": "sha512-Vi+WR62xWGsE/Oj+mD0FNAPY2MEox3cfyG0zLpotZdehPFXwz6lypkGs5y38Jd/NVSbOD02aVad6q6QYF7i8Bg=="
    },
    "@rollup/rollup-win32-ia32-msvc@4.28.0": {
      "integrity": "sha512-kN/Vpip8emMLn/eOza+4JwqDZBL6MPNpkdaEsgUtW1NYN3DZvZqSQrbKzJcTL6hd8YNmFTn7XGWMwccOcJBL0A=="
    },
    "@rollup/rollup-win32-x64-msvc@4.28.0": {
      "integrity": "sha512-Bvno2/aZT6usSa7lRDL2+hMjVAGjuqaymF1ApZm31JXzniR/hvr14jpU+/z4X6Gt5BPlzosscyJZGUvguXIqeQ=="
    },
    "@types/estree@1.0.6": {
      "integrity": "sha512-AYnb1nQyY49te+VRAVgmzfcgjYS91mY5P0TKUDCLEM+gNnA+3T6rWITXRLYCpahpqSQbN5cE+gHpnPyXjHWxcw=="
    },
    "buffer-builder@0.2.0": {
      "integrity": "sha512-7VPMEPuYznPSoR21NE1zvd2Xna6c/CloiZCfcMXR1Jny6PjX0N4Nsa38zcBFo/FMK+BlA+FLKbJCQ0i2yxp+Xg=="
    },
    "colorjs.io@0.5.2": {
      "integrity": "sha512-twmVoizEW7ylZSN32OgKdXRmo1qg+wT5/6C3xu5b9QsWzSFAhHLn2xd8ro0diCsKfCj1RdaTP/nrcW+vAoQPIw=="
    },
    "esbuild@0.21.5": {
      "integrity": "sha512-mg3OPMV4hXywwpoDxu3Qda5xCKQi+vCTZq8S9J/EpkhB2HzKXq4SNFZE3+NK93JYxc8VMSep+lOUSC/RVKaBqw==",
      "dependencies": [
        "@esbuild/aix-ppc64@0.21.5",
        "@esbuild/android-arm@0.21.5",
        "@esbuild/android-arm64@0.21.5",
        "@esbuild/android-x64@0.21.5",
        "@esbuild/darwin-arm64@0.21.5",
        "@esbuild/darwin-x64@0.21.5",
        "@esbuild/freebsd-arm64@0.21.5",
        "@esbuild/freebsd-x64@0.21.5",
        "@esbuild/linux-arm@0.21.5",
        "@esbuild/linux-arm64@0.21.5",
        "@esbuild/linux-ia32@0.21.5",
        "@esbuild/linux-loong64@0.21.5",
        "@esbuild/linux-mips64el@0.21.5",
        "@esbuild/linux-ppc64@0.21.5",
        "@esbuild/linux-riscv64@0.21.5",
        "@esbuild/linux-s390x@0.21.5",
        "@esbuild/linux-x64@0.21.5",
        "@esbuild/netbsd-x64@0.21.5",
        "@esbuild/openbsd-x64@0.21.5",
        "@esbuild/sunos-x64@0.21.5",
        "@esbuild/win32-arm64@0.21.5",
        "@esbuild/win32-ia32@0.21.5",
        "@esbuild/win32-x64@0.21.5"
      ]
    },
    "esbuild@0.24.0": {
      "integrity": "sha512-FuLPevChGDshgSicjisSooU0cemp/sGXR841D5LHMB7mTVOmsEHcAxaH3irL53+8YDIeVNQEySh4DaYU/iuPqQ==",
      "dependencies": [
        "@esbuild/aix-ppc64@0.24.0",
        "@esbuild/android-arm@0.24.0",
        "@esbuild/android-arm64@0.24.0",
        "@esbuild/android-x64@0.24.0",
        "@esbuild/darwin-arm64@0.24.0",
        "@esbuild/darwin-x64@0.24.0",
        "@esbuild/freebsd-arm64@0.24.0",
        "@esbuild/freebsd-x64@0.24.0",
        "@esbuild/linux-arm@0.24.0",
        "@esbuild/linux-arm64@0.24.0",
        "@esbuild/linux-ia32@0.24.0",
        "@esbuild/linux-loong64@0.24.0",
        "@esbuild/linux-mips64el@0.24.0",
        "@esbuild/linux-ppc64@0.24.0",
        "@esbuild/linux-riscv64@0.24.0",
        "@esbuild/linux-s390x@0.24.0",
        "@esbuild/linux-x64@0.24.0",
        "@esbuild/netbsd-x64@0.24.0",
        "@esbuild/openbsd-arm64",
        "@esbuild/openbsd-x64@0.24.0",
        "@esbuild/sunos-x64@0.24.0",
        "@esbuild/win32-arm64@0.24.0",
        "@esbuild/win32-ia32@0.24.0",
        "@esbuild/win32-x64@0.24.0"
      ]
    },
    "fsevents@2.3.3": {
      "integrity": "sha512-5xoDfX+fL7faATnagmWPpbFtwh/R77WmMMqqHGS65C3vvB0YHrgF+B1YmZ3441tMj5n63k0212XNoJwzlhffQw=="
    },
    "has-flag@4.0.0": {
      "integrity": "sha512-EykJT/Q1KjTWctppgIAgfSO0tKVuZUjhgMr17kqTumMl6Afv3EISleU7qZUzoXDFTAHTDC4NOoG/ZxU3EvlMPQ=="
    },
    "immutable@5.0.3": {
      "integrity": "sha512-P8IdPQHq3lA1xVeBRi5VPqUm5HDgKnx0Ru51wZz5mjxHr5n3RWhjIpOFU7ybkUxfB+5IToy+OLaHYDBIWsv+uw=="
    },
    "nanoid@3.3.8": {
      "integrity": "sha512-WNLf5Sd8oZxOm+TzppcYk8gVOgP+l58xNy58D0nbUnOxOWRWvlcCV4kUF7ltmI6PsrLl/BgKEyS4mqsGChFN0w=="
    },
    "oxlint@0.10.3": {
      "integrity": "sha512-af5u5+s4adyszujeILPDRGwix0o5M1+qR1eqxNSmJhTKVRX7xdrT9s2rpNpMYxQmPyWRhC/+5Gqyb+f/PtbK9A==",
      "dependencies": [
        "@oxlint/darwin-arm64@0.10.3",
        "@oxlint/darwin-x64@0.10.3",
        "@oxlint/linux-arm64-gnu@0.10.3",
        "@oxlint/linux-arm64-musl@0.10.3",
        "@oxlint/linux-x64-gnu@0.10.3",
        "@oxlint/linux-x64-musl@0.10.3",
        "@oxlint/win32-arm64@0.10.3",
        "@oxlint/win32-x64@0.10.3"
      ]
    },
    "oxlint@0.14.0": {
      "integrity": "sha512-S0jZRxWPwgDEtLbpJfCVaMeK5/E7wvp6lYJdukwrmeLMRelgh9DjQzl2RBrSjHfmm2R6IcUwzpQ9h8BvqDH7ww==",
      "dependencies": [
        "@oxlint/darwin-arm64@0.14.0",
        "@oxlint/darwin-x64@0.14.0",
        "@oxlint/linux-arm64-gnu@0.14.0",
        "@oxlint/linux-arm64-musl@0.14.0",
        "@oxlint/linux-x64-gnu@0.14.0",
        "@oxlint/linux-x64-musl@0.14.0",
        "@oxlint/win32-arm64@0.14.0",
        "@oxlint/win32-x64@0.14.0"
      ]
    },
    "picocolors@1.1.1": {
      "integrity": "sha512-xceH2snhtb5M9liqDsmEw56le376mTZkEX/jEb/RxNFyegNul7eNslCXP9FDj/Lcu0X8KEyMceP2ntpaHrDEVA=="
    },
    "postcss@8.4.49": {
      "integrity": "sha512-OCVPnIObs4N29kxTjzLfUryOkvZEq+pf8jTF0lg8E7uETuWHA+v7j3c/xJmiqpX450191LlmZfUKkXxkTry7nA==",
      "dependencies": [
        "nanoid",
        "picocolors",
        "source-map-js"
      ]
    },
    "rollup@4.28.0": {
      "integrity": "sha512-G9GOrmgWHBma4YfCcX8PjH0qhXSdH8B4HDE2o4/jaxj93S4DPCIDoLcXz99eWMji4hB29UFCEd7B2gwGJDR9cQ==",
      "dependencies": [
        "@rollup/rollup-android-arm-eabi",
        "@rollup/rollup-android-arm64",
        "@rollup/rollup-darwin-arm64",
        "@rollup/rollup-darwin-x64",
        "@rollup/rollup-freebsd-arm64",
        "@rollup/rollup-freebsd-x64",
        "@rollup/rollup-linux-arm-gnueabihf",
        "@rollup/rollup-linux-arm-musleabihf",
        "@rollup/rollup-linux-arm64-gnu",
        "@rollup/rollup-linux-arm64-musl",
        "@rollup/rollup-linux-powerpc64le-gnu",
        "@rollup/rollup-linux-riscv64-gnu",
        "@rollup/rollup-linux-s390x-gnu",
        "@rollup/rollup-linux-x64-gnu",
        "@rollup/rollup-linux-x64-musl",
        "@rollup/rollup-win32-arm64-msvc",
        "@rollup/rollup-win32-ia32-msvc",
        "@rollup/rollup-win32-x64-msvc",
        "@types/estree",
        "fsevents"
      ]
    },
    "rxjs@7.8.1": {
      "integrity": "sha512-AA3TVj+0A2iuIoQkWEK/tqFjBq2j+6PO6Y0zJcvzLAFhEFIO3HL0vls9hWLncZbAAbK0mar7oZ4V079I/qPMxg==",
      "dependencies": [
        "tslib"
      ]
    },
    "sass-embedded-android-arm64@1.82.0": {
      "integrity": "sha512-bldHMs02QQWXsgHUZRgolNnZdMjN6XHvmUYoRkzmFq7lsvtLU6SJg2S1Wa9IZJs9jRWdTmOgA6YibSf3pROyFQ=="
    },
    "sass-embedded-android-arm@1.82.0": {
      "integrity": "sha512-ttGMvWnA/5TYdZTjr5fWHDbb9nZgKipHKCc9zZQRF5HjUydOYWKNqmAJHQtbFWaq35kd5qn6yiE73IJN6eJ6wA=="
    },
    "sass-embedded-android-ia32@1.82.0": {
      "integrity": "sha512-FUJOnxw8IYKuYuxxiOkk6QXle8/yQFtKjnuSAJuZ5ZpLVMcSZzLc3SWOtuEXYx5iSAfJCO075o2ZoG/pPrJ9aw=="
    },
    "sass-embedded-android-riscv64@1.82.0": {
      "integrity": "sha512-rd+vc+sxJxNnbhaubiIJmnb1b3FvC9wxCIq8spstopbO7o1uufvBBDeRoFSJaN+7oNhamzjlYGdu6aQoQNs3+A=="
    },
    "sass-embedded-android-x64@1.82.0": {
      "integrity": "sha512-EVlybGTgJ8wNLyWj8RUatPXSnmIcvCsx3EfsRfBfhGihLbn4NNpavYO9QsvZzI2XWbJqHLBCd+CvkTcDw/TaSQ=="
    },
    "sass-embedded-darwin-arm64@1.82.0": {
      "integrity": "sha512-LvdJPojjKlNGYOB0nSUR/ZtMDuAF4puspHlwK42aA/qK292bfSkMUKZPPapB2aSRwccc/ieBq5fI7n/WHrOCVw=="
    },
    "sass-embedded-darwin-x64@1.82.0": {
      "integrity": "sha512-6LfnD6YmG1aBfd3ReqMOJDb6Pg2Z/hmlJB7nU+Lb3E+hCNjAZAgeUHQxU/Pm1eIqJJTU/h4ib5QP0Pt9O8yVnw=="
    },
    "sass-embedded-linux-arm64@1.82.0": {
      "integrity": "sha512-590/y0HJr/JiyxaqgR7Xf9P20BIhJ+zhB/afAnVuZe/4lEfCpTyM5xMe2+sKLsqtrVyzs9Zm/M4S4ASUOPCggA=="
    },
    "sass-embedded-linux-arm@1.82.0": {
      "integrity": "sha512-ozjdC5rWzyi5Vo300I4tVZzneXOTQUiaxOr7DjtN26HuFaGAGCGmvThh2BRV4RvySg++5H9rdFu+VgyUQ5iukw=="
    },
    "sass-embedded-linux-ia32@1.82.0": {
      "integrity": "sha512-hpc4acZ3UTjjJ3Q/GUXqQOCSml6AFKaku0HMawra9bKyRmOpxn8V5hqgXeOWVjK2oQzCmCnJvwKoQUP+S/SIYQ=="
    },
    "sass-embedded-linux-musl-arm64@1.82.0": {
      "integrity": "sha512-bc2MUSMv/jabnNGEyKP2jQAYZoEzTT/c633W6QoeSEWETGCuTNjaHvWWE6qSI6/UfRg1EpuV1LQA2jPMzZfv/w=="
    },
    "sass-embedded-linux-musl-arm@1.82.0": {
      "integrity": "sha512-R5PQmY/I+GSoMtfLo8GgHkvF/q6x6y8VNM7yu/Ac1mJj86n48VFi29W1HfY2496+Q6cpAq7toobDj7YfldIdVA=="
    },
    "sass-embedded-linux-musl-ia32@1.82.0": {
      "integrity": "sha512-ZQKCFKm5TBcJ19UG6uUQmIKfVCJIWMb7e1a93lGeujSb9gyKF5Fb6MN3tuExoT7iFK8zU0Z9iyHqh93F58lcCw=="
    },
    "sass-embedded-linux-musl-riscv64@1.82.0": {
      "integrity": "sha512-5meSU8BHFeaT09RWfkuUrikRlC+WZcYb9To7MpfV1d9nlD7CZ2xydPExK+mj3DqRuQvTbvhMPcr7f+pHlgHINQ=="
    },
    "sass-embedded-linux-musl-x64@1.82.0": {
      "integrity": "sha512-ASLAMfjWv7YEPBvEOVlb3zzHq8l4Y9Eh4x3m7B1dNauGVbO11Yng5cPCX/XbwGVf30BtE75pwqvV7oXxBtN15w=="
    },
    "sass-embedded-linux-riscv64@1.82.0": {
      "integrity": "sha512-qWvRDXCXH3GzD8OcP0ntd8gBTK3kZyUeyXmxQDZyEtMAM4STC2Tn7+5+2JYYHlppzqWnZPFBNESvpKeOtHaBBw=="
    },
    "sass-embedded-linux-x64@1.82.0": {
      "integrity": "sha512-AmRaHqShztwfep+M4NagdGaY7fTyWGSOM3k4Z/dd7q4nZclXbALLqNJtKx8xOM7A41LHYJ9zDpIBVRkrh0PzTA=="
    },
    "sass-embedded-win32-arm64@1.82.0": {
      "integrity": "sha512-zL9JDQZHXHSGAZe5DqSrR86wMHbm9QPziU4/3hoIG+99StuS74CuV42+hw/+FXXBkXMWbjKWsyF/HZt+I/wJuw=="
    },
    "sass-embedded-win32-ia32@1.82.0": {
      "integrity": "sha512-xE+AzLquCkFPnnpo0NHjQdLRIhG1bVs42xIKx42aUbVLYKkBDvbBGpw6EtTscRMyvcjoOqGH5saRvSFComUQcw=="
    },
    "sass-embedded-win32-x64@1.82.0": {
      "integrity": "sha512-cEgfOQG5womOzzk16ReTv2dxPq5BG16LgLUold/LH9IZH86u4E/MN7Fspf4RWeEJ2EcLdew9QYSC2YWs1l98dQ=="
    },
    "sass-embedded@1.82.0": {
      "integrity": "sha512-v13sRVVZtWAQLpAGTz5D8hy+oyNKRHao5tKVc/P6AMqSP+jDM8X6GkEpL0jfbu3MaN2/hAQsd4Qx14GG1u0prQ==",
      "dependencies": [
        "@bufbuild/protobuf",
        "buffer-builder",
        "colorjs.io",
        "immutable",
        "rxjs",
        "sass-embedded-android-arm",
        "sass-embedded-android-arm64",
        "sass-embedded-android-ia32",
        "sass-embedded-android-riscv64",
        "sass-embedded-android-x64",
        "sass-embedded-darwin-arm64",
        "sass-embedded-darwin-x64",
        "sass-embedded-linux-arm",
        "sass-embedded-linux-arm64",
        "sass-embedded-linux-ia32",
        "sass-embedded-linux-musl-arm",
        "sass-embedded-linux-musl-arm64",
        "sass-embedded-linux-musl-ia32",
        "sass-embedded-linux-musl-riscv64",
        "sass-embedded-linux-musl-x64",
        "sass-embedded-linux-riscv64",
        "sass-embedded-linux-x64",
        "sass-embedded-win32-arm64",
        "sass-embedded-win32-ia32",
        "sass-embedded-win32-x64",
        "supports-color",
        "sync-child-process",
        "varint"
      ]
    },
    "source-map-js@1.2.1": {
      "integrity": "sha512-UXWMKhLOwVKb728IUtQPXxfYU+usdybtUrK/8uGE8CQMvrhOpwvzDBwj0QhSL7MQc7vIsISBG8VQ8+IDQxpfQA=="
    },
    "supports-color@8.1.1": {
      "integrity": "sha512-MpUEN2OodtUzxvKQl72cUF7RQ5EiHsGvSsVG0ia9c5RbWGL2CI4C7EpPS8UTBIplnlzZiNuV56w+FuNxy3ty2Q==",
      "dependencies": [
        "has-flag"
      ]
    },
    "sync-child-process@1.0.2": {
      "integrity": "sha512-8lD+t2KrrScJ/7KXCSyfhT3/hRq78rC0wBFqNJXv3mZyn6hW2ypM05JmlSvtqRbeq6jqA94oHbxAr2vYsJ8vDA==",
      "dependencies": [
        "sync-message-port"
      ]
    },
    "sync-message-port@1.1.3": {
      "integrity": "sha512-GTt8rSKje5FilG+wEdfCkOcLL7LWqpMlr2c3LRuKt/YXxcJ52aGSbGBAdI4L3aaqfrBt6y711El53ItyH1NWzg=="
    },
    "tslib@2.8.1": {
      "integrity": "sha512-oJFu94HQb+KVduSUQL7wnpmqnfmLsOA/nAh6b6EH0wCEoK0/mPeXU6c3wKDV83MkOuHPRHtSXKKU99IBazS/2w=="
    },
    "typescript@5.7.2": {
      "integrity": "sha512-i5t66RHxDvVN40HfDd1PsEThGNnlMCMT3jMUuoh9/0TaqWevNontacunWyN02LA9/fIbEWlcHZcgTKb9QoaLfg=="
    },
    "varint@6.0.0": {
      "integrity": "sha512-cXEIW6cfr15lFv563k4GuVuW/fiwjknytD37jIOLSdSWuOI6WnO/oKwmP2FQTU2l01LP8/M5TSAJpzUaGe3uWg=="
    },
    "vite-plugin-oxlint@1.1.0_oxlint@0.10.3": {
      "integrity": "sha512-b+KgDGEM7a7c+jExQ8JuoZMomjj2dtV8rkb0PSKcdWrMKjTdBNg0/7l+Mkg71OJbyF8SCBXRYgaw8CnstU3rlw==",
      "dependencies": [
        "oxlint@0.10.3"
      ]
    },
    "vite@5.4.11_sass-embedded@1.82.0": {
      "integrity": "sha512-c7jFQRklXua0mTzneGW9QVyxFjUgwcihC4bXEtujIo2ouWCe1Ajt/amn2PCxYnhYfd5k09JX3SB7OYWFKYqj8Q==",
      "dependencies": [
        "esbuild@0.21.5",
        "fsevents",
        "postcss",
        "rollup",
        "sass-embedded"
      ]
    },
    "vite@6.0.3_sass-embedded@1.82.0": {
      "integrity": "sha512-Cmuo5P0ENTN6HxLSo6IHsjCLn/81Vgrp81oaiFFMRa8gGDj5xEjIcEpf2ZymZtZR8oU0P2JX5WuUp/rlXcHkAw==",
      "dependencies": [
        "esbuild@0.24.0",
        "fsevents",
        "postcss",
        "rollup",
        "sass-embedded"
      ]
    }
  },
  "workspace": {
    "dependencies": [
      "npm:@deno/vite-plugin@1.0.1",
      "npm:oxlint@0.14.0",
      "npm:sass-embedded@1.82.0",
      "npm:typescript@5.7.2",
      "npm:vite-plugin-oxlint@1.1.0",
      "npm:vite@6.0.3"
    ]
  }
}
