{
  "version": "4",
  "specifiers": {
    "npm:@biomejs/biome@1.9.4": "1.9.4",
    "npm:@deno/vite-plugin@1.0.0": "1.0.0_vite@5.4.10__sass-embedded@1.80.3_sass-embedded@1.80.3",
    "npm:sass-embedded@1.80.3": "1.80.3",
    "npm:typescript@5.6.3": "5.6.3",
    "npm:vite-plugin-biome@1.0.12": "1.0.12_@biomejs+biome@1.9.4",
    "npm:vite@*": "5.4.10_sass-embedded@1.80.3",
    "npm:vite@5.4.10": "5.4.10_sass-embedded@1.80.3"
  },
  "npm": {
    "@biomejs/biome@1.9.4": {
      "integrity": "sha512-1rkd7G70+o9KkTn5KLmDYXihGoTaIGO9PIIN2ZB7UJxFrWw04CZHPYiMRjYsaDvVV7hP1dYNRLxSANLaBFGpog==",
      "dependencies": [
        "@biomejs/cli-darwin-arm64",
        "@biomejs/cli-darwin-x64",
        "@biomejs/cli-linux-arm64",
        "@biomejs/cli-linux-arm64-musl",
        "@biomejs/cli-linux-x64",
        "@biomejs/cli-linux-x64-musl",
        "@biomejs/cli-win32-arm64",
        "@biomejs/cli-win32-x64"
      ]
    },
    "@biomejs/cli-darwin-arm64@1.9.4": {
      "integrity": "sha512-bFBsPWrNvkdKrNCYeAp+xo2HecOGPAy9WyNyB/jKnnedgzl4W4Hb9ZMzYNbf8dMCGmUdSavlYHiR01QaYR58cw=="
    },
    "@biomejs/cli-darwin-x64@1.9.4": {
      "integrity": "sha512-ngYBh/+bEedqkSevPVhLP4QfVPCpb+4BBe2p7Xs32dBgs7rh9nY2AIYUL6BgLw1JVXV8GlpKmb/hNiuIxfPfZg=="
    },
    "@biomejs/cli-linux-arm64-musl@1.9.4": {
      "integrity": "sha512-v665Ct9WCRjGa8+kTr0CzApU0+XXtRgwmzIf1SeKSGAv+2scAlW6JR5PMFo6FzqqZ64Po79cKODKf3/AAmECqA=="
    },
    "@biomejs/cli-linux-arm64@1.9.4": {
      "integrity": "sha512-fJIW0+LYujdjUgJJuwesP4EjIBl/N/TcOX3IvIHJQNsAqvV2CHIogsmA94BPG6jZATS4Hi+xv4SkBBQSt1N4/g=="
    },
    "@biomejs/cli-linux-x64-musl@1.9.4": {
      "integrity": "sha512-gEhi/jSBhZ2m6wjV530Yy8+fNqG8PAinM3oV7CyO+6c3CEh16Eizm21uHVsyVBEB6RIM8JHIl6AGYCv6Q6Q9Tg=="
    },
    "@biomejs/cli-linux-x64@1.9.4": {
      "integrity": "sha512-lRCJv/Vi3Vlwmbd6K+oQ0KhLHMAysN8lXoCI7XeHlxaajk06u7G+UsFSO01NAs5iYuWKmVZjmiOzJ0OJmGsMwg=="
    },
    "@biomejs/cli-win32-arm64@1.9.4": {
      "integrity": "sha512-tlbhLk+WXZmgwoIKwHIHEBZUwxml7bRJgk0X2sPyNR3S93cdRq6XulAZRQJ17FYGGzWne0fgrXBKpl7l4M87Hg=="
    },
    "@biomejs/cli-win32-x64@1.9.4": {
      "integrity": "sha512-8Y5wMhVIPaWe6jw2H+KlEm4wP/f7EW3810ZLmDlrEEy5KvBsb9ECEfu/kMWD484ijfQ8+nIi0giMgu9g1UAuuA=="
    },
    "@bufbuild/protobuf@2.2.0": {
      "integrity": "sha512-+imAQkHf7U/Rwvu0wk1XWgsP3WnpCWmK7B48f0XqSNzgk64+grljTKC7pnO/xBiEMUziF7vKRfbBnOQhg126qQ=="
    },
    "@deno/vite-plugin@1.0.0_vite@5.4.10__sass-embedded@1.80.3_sass-embedded@1.80.3": {
      "integrity": "sha512-Q9UeWqs3s7B5lqzu1Z5QrzYAzqTj3+F9YW17tWobGRbT2G40ihwis6zK/+QgMgcG4fm3IqdIfXmpQYhkZpdMfw==",
      "dependencies": [
        "vite"
      ]
    },
    "@esbuild/aix-ppc64@0.21.5": {
      "integrity": "sha512-1SDgH6ZSPTlggy1yI6+Dbkiz8xzpHJEVAlF/AM1tHPLsf5STom9rwtjE4hKAF20FfXXNTFqEYXyJNWh1GiZedQ=="
    },
    "@esbuild/android-arm64@0.21.5": {
      "integrity": "sha512-c0uX9VAUBQ7dTDCjq+wdyGLowMdtR/GoC2U5IYk/7D1H1JYC0qseD7+11iMP2mRLN9RcCMRcjC4YMclCzGwS/A=="
    },
    "@esbuild/android-arm@0.21.5": {
      "integrity": "sha512-vCPvzSjpPHEi1siZdlvAlsPxXl7WbOVUBBAowWug4rJHb68Ox8KualB+1ocNvT5fjv6wpkX6o/iEpbDrf68zcg=="
    },
    "@esbuild/android-x64@0.21.5": {
      "integrity": "sha512-D7aPRUUNHRBwHxzxRvp856rjUHRFW1SdQATKXH2hqA0kAZb1hKmi02OpYRacl0TxIGz/ZmXWlbZgjwWYaCakTA=="
    },
    "@esbuild/darwin-arm64@0.21.5": {
      "integrity": "sha512-DwqXqZyuk5AiWWf3UfLiRDJ5EDd49zg6O9wclZ7kUMv2WRFr4HKjXp/5t8JZ11QbQfUS6/cRCKGwYhtNAY88kQ=="
    },
    "@esbuild/darwin-x64@0.21.5": {
      "integrity": "sha512-se/JjF8NlmKVG4kNIuyWMV/22ZaerB+qaSi5MdrXtd6R08kvs2qCN4C09miupktDitvh8jRFflwGFBQcxZRjbw=="
    },
    "@esbuild/freebsd-arm64@0.21.5": {
      "integrity": "sha512-5JcRxxRDUJLX8JXp/wcBCy3pENnCgBR9bN6JsY4OmhfUtIHe3ZW0mawA7+RDAcMLrMIZaf03NlQiX9DGyB8h4g=="
    },
    "@esbuild/freebsd-x64@0.21.5": {
      "integrity": "sha512-J95kNBj1zkbMXtHVH29bBriQygMXqoVQOQYA+ISs0/2l3T9/kj42ow2mpqerRBxDJnmkUDCaQT/dfNXWX/ZZCQ=="
    },
    "@esbuild/linux-arm64@0.21.5": {
      "integrity": "sha512-ibKvmyYzKsBeX8d8I7MH/TMfWDXBF3db4qM6sy+7re0YXya+K1cem3on9XgdT2EQGMu4hQyZhan7TeQ8XkGp4Q=="
    },
    "@esbuild/linux-arm@0.21.5": {
      "integrity": "sha512-bPb5AHZtbeNGjCKVZ9UGqGwo8EUu4cLq68E95A53KlxAPRmUyYv2D6F0uUI65XisGOL1hBP5mTronbgo+0bFcA=="
    },
    "@esbuild/linux-ia32@0.21.5": {
      "integrity": "sha512-YvjXDqLRqPDl2dvRODYmmhz4rPeVKYvppfGYKSNGdyZkA01046pLWyRKKI3ax8fbJoK5QbxblURkwK/MWY18Tg=="
    },
    "@esbuild/linux-loong64@0.21.5": {
      "integrity": "sha512-uHf1BmMG8qEvzdrzAqg2SIG/02+4/DHB6a9Kbya0XDvwDEKCoC8ZRWI5JJvNdUjtciBGFQ5PuBlpEOXQj+JQSg=="
    },
    "@esbuild/linux-mips64el@0.21.5": {
      "integrity": "sha512-IajOmO+KJK23bj52dFSNCMsz1QP1DqM6cwLUv3W1QwyxkyIWecfafnI555fvSGqEKwjMXVLokcV5ygHW5b3Jbg=="
    },
    "@esbuild/linux-ppc64@0.21.5": {
      "integrity": "sha512-1hHV/Z4OEfMwpLO8rp7CvlhBDnjsC3CttJXIhBi+5Aj5r+MBvy4egg7wCbe//hSsT+RvDAG7s81tAvpL2XAE4w=="
    },
    "@esbuild/linux-riscv64@0.21.5": {
      "integrity": "sha512-2HdXDMd9GMgTGrPWnJzP2ALSokE/0O5HhTUvWIbD3YdjME8JwvSCnNGBnTThKGEB91OZhzrJ4qIIxk/SBmyDDA=="
    },
    "@esbuild/linux-s390x@0.21.5": {
      "integrity": "sha512-zus5sxzqBJD3eXxwvjN1yQkRepANgxE9lgOW2qLnmr8ikMTphkjgXu1HR01K4FJg8h1kEEDAqDcZQtbrRnB41A=="
    },
    "@esbuild/linux-x64@0.21.5": {
      "integrity": "sha512-1rYdTpyv03iycF1+BhzrzQJCdOuAOtaqHTWJZCWvijKD2N5Xu0TtVC8/+1faWqcP9iBCWOmjmhoH94dH82BxPQ=="
    },
    "@esbuild/netbsd-x64@0.21.5": {
      "integrity": "sha512-Woi2MXzXjMULccIwMnLciyZH4nCIMpWQAs049KEeMvOcNADVxo0UBIQPfSmxB3CWKedngg7sWZdLvLczpe0tLg=="
    },
    "@esbuild/openbsd-x64@0.21.5": {
      "integrity": "sha512-HLNNw99xsvx12lFBUwoT8EVCsSvRNDVxNpjZ7bPn947b8gJPzeHWyNVhFsaerc0n3TsbOINvRP2byTZ5LKezow=="
    },
    "@esbuild/sunos-x64@0.21.5": {
      "integrity": "sha512-6+gjmFpfy0BHU5Tpptkuh8+uw3mnrvgs+dSPQXQOv3ekbordwnzTVEb4qnIvQcYXq6gzkyTnoZ9dZG+D4garKg=="
    },
    "@esbuild/win32-arm64@0.21.5": {
      "integrity": "sha512-Z0gOTd75VvXqyq7nsl93zwahcTROgqvuAcYDUr+vOv8uHhNSKROyU961kgtCD1e95IqPKSQKH7tBTslnS3tA8A=="
    },
    "@esbuild/win32-ia32@0.21.5": {
      "integrity": "sha512-SWXFF1CL2RVNMaVs+BBClwtfZSvDgtL//G/smwAc5oVK/UPu2Gu9tIaRgFmYFFKrmg3SyAjSrElf0TiJ1v8fYA=="
    },
    "@esbuild/win32-x64@0.21.5": {
      "integrity": "sha512-tQd/1efJuzPC6rCFwEvLtci/xNFcTZknmXs98FYDfGE4wP9ClFV98nyKrzJKVPMhdDnjzLhdUyMX4PsQAPjwIw=="
    },
    "@rollup/rollup-android-arm-eabi@4.24.2": {
      "integrity": "sha512-ufoveNTKDg9t/b7nqI3lwbCG/9IJMhADBNjjz/Jn6LxIZxD7T5L8l2uO/wD99945F1Oo8FvgbbZJRguyk/BdzA=="
    },
    "@rollup/rollup-android-arm64@4.24.2": {
      "integrity": "sha512-iZoYCiJz3Uek4NI0J06/ZxUgwAfNzqltK0MptPDO4OR0a88R4h0DSELMsflS6ibMCJ4PnLvq8f7O1d7WexUvIA=="
    },
    "@rollup/rollup-darwin-arm64@4.24.2": {
      "integrity": "sha512-/UhrIxobHYCBfhi5paTkUDQ0w+jckjRZDZ1kcBL132WeHZQ6+S5v9jQPVGLVrLbNUebdIRpIt00lQ+4Z7ys4Rg=="
    },
    "@rollup/rollup-darwin-x64@4.24.2": {
      "integrity": "sha512-1F/jrfhxJtWILusgx63WeTvGTwE4vmsT9+e/z7cZLKU8sBMddwqw3UV5ERfOV+H1FuRK3YREZ46J4Gy0aP3qDA=="
    },
    "@rollup/rollup-freebsd-arm64@4.24.2": {
      "integrity": "sha512-1YWOpFcGuC6iGAS4EI+o3BV2/6S0H+m9kFOIlyFtp4xIX5rjSnL3AwbTBxROX0c8yWtiWM7ZI6mEPTI7VkSpZw=="
    },
    "@rollup/rollup-freebsd-x64@4.24.2": {
      "integrity": "sha512-3qAqTewYrCdnOD9Gl9yvPoAoFAVmPJsBvleabvx4bnu1Kt6DrB2OALeRVag7BdWGWLhP1yooeMLEi6r2nYSOjg=="
    },
    "@rollup/rollup-linux-arm-gnueabihf@4.24.2": {
      "integrity": "sha512-ArdGtPHjLqWkqQuoVQ6a5UC5ebdX8INPuJuJNWRe0RGa/YNhVvxeWmCTFQ7LdmNCSUzVZzxAvUznKaYx645Rig=="
    },
    "@rollup/rollup-linux-arm-musleabihf@4.24.2": {
      "integrity": "sha512-B6UHHeNnnih8xH6wRKB0mOcJGvjZTww1FV59HqJoTJ5da9LCG6R4SEBt6uPqzlawv1LoEXSS0d4fBlHNWl6iYw=="
    },
    "@rollup/rollup-linux-arm64-gnu@4.24.2": {
      "integrity": "sha512-kr3gqzczJjSAncwOS6i7fpb4dlqcvLidqrX5hpGBIM1wtt0QEVtf4wFaAwVv8QygFU8iWUMYEoJZWuWxyua4GQ=="
    },
    "@rollup/rollup-linux-arm64-musl@4.24.2": {
      "integrity": "sha512-TDdHLKCWgPuq9vQcmyLrhg/bgbOvIQ8rtWQK7MRxJ9nvaxKx38NvY7/Lo6cYuEnNHqf6rMqnivOIPIQt6H2AoA=="
    },
    "@rollup/rollup-linux-powerpc64le-gnu@4.24.2": {
      "integrity": "sha512-xv9vS648T3X4AxFFZGWeB5Dou8ilsv4VVqJ0+loOIgDO20zIhYfDLkk5xoQiej2RiSQkld9ijF/fhLeonrz2mw=="
    },
    "@rollup/rollup-linux-riscv64-gnu@4.24.2": {
      "integrity": "sha512-tbtXwnofRoTt223WUZYiUnbxhGAOVul/3StZ947U4A5NNjnQJV5irKMm76G0LGItWs6y+SCjUn/Q0WaMLkEskg=="
    },
    "@rollup/rollup-linux-s390x-gnu@4.24.2": {
      "integrity": "sha512-gc97UebApwdsSNT3q79glOSPdfwgwj5ELuiyuiMY3pEWMxeVqLGKfpDFoum4ujivzxn6veUPzkGuSYoh5deQ2Q=="
    },
    "@rollup/rollup-linux-x64-gnu@4.24.2": {
      "integrity": "sha512-jOG/0nXb3z+EM6SioY8RofqqmZ+9NKYvJ6QQaa9Mvd3RQxlH68/jcB/lpyVt4lCiqr04IyaC34NzhUqcXbB5FQ=="
    },
    "@rollup/rollup-linux-x64-musl@4.24.2": {
      "integrity": "sha512-XAo7cJec80NWx9LlZFEJQxqKOMz/lX3geWs2iNT5CHIERLFfd90f3RYLLjiCBm1IMaQ4VOX/lTC9lWfzzQm14Q=="
    },
    "@rollup/rollup-win32-arm64-msvc@4.24.2": {
      "integrity": "sha512-A+JAs4+EhsTjnPQvo9XY/DC0ztaws3vfqzrMNMKlwQXuniBKOIIvAAI8M0fBYiTCxQnElYu7mLk7JrhlQ+HeOw=="
    },
    "@rollup/rollup-win32-ia32-msvc@4.24.2": {
      "integrity": "sha512-ZhcrakbqA1SCiJRMKSU64AZcYzlZ/9M5LaYil9QWxx9vLnkQ9Vnkve17Qn4SjlipqIIBFKjBES6Zxhnvh0EAEw=="
    },
    "@rollup/rollup-win32-x64-msvc@4.24.2": {
      "integrity": "sha512-2mLH46K1u3r6uwc95hU+OR9q/ggYMpnS7pSp83Ece1HUQgF9Nh/QwTK5rcgbFnV9j+08yBrU5sA/P0RK2MSBNA=="
    },
    "@types/estree@1.0.6": {
      "integrity": "sha512-AYnb1nQyY49te+VRAVgmzfcgjYS91mY5P0TKUDCLEM+gNnA+3T6rWITXRLYCpahpqSQbN5cE+gHpnPyXjHWxcw=="
    },
    "buffer-builder@0.2.0": {
      "integrity": "sha512-7VPMEPuYznPSoR21NE1zvd2Xna6c/CloiZCfcMXR1Jny6PjX0N4Nsa38zcBFo/FMK+BlA+FLKbJCQ0i2yxp+Xg=="
    },
    "colorjs.io@0.5.2": {
      "integrity": "sha512-twmVoizEW7ylZSN32OgKdXRmo1qg+wT5/6C3xu5b9QsWzSFAhHLn2xd8ro0diCsKfCj1RdaTP/nrcW+vAoQPIw=="
    },
    "esbuild@0.21.5": {
      "integrity": "sha512-mg3OPMV4hXywwpoDxu3Qda5xCKQi+vCTZq8S9J/EpkhB2HzKXq4SNFZE3+NK93JYxc8VMSep+lOUSC/RVKaBqw==",
      "dependencies": [
        "@esbuild/aix-ppc64",
        "@esbuild/android-arm",
        "@esbuild/android-arm64",
        "@esbuild/android-x64",
        "@esbuild/darwin-arm64",
        "@esbuild/darwin-x64",
        "@esbuild/freebsd-arm64",
        "@esbuild/freebsd-x64",
        "@esbuild/linux-arm",
        "@esbuild/linux-arm64",
        "@esbuild/linux-ia32",
        "@esbuild/linux-loong64",
        "@esbuild/linux-mips64el",
        "@esbuild/linux-ppc64",
        "@esbuild/linux-riscv64",
        "@esbuild/linux-s390x",
        "@esbuild/linux-x64",
        "@esbuild/netbsd-x64",
        "@esbuild/openbsd-x64",
        "@esbuild/sunos-x64",
        "@esbuild/win32-arm64",
        "@esbuild/win32-ia32",
        "@esbuild/win32-x64"
      ]
    },
    "fsevents@2.3.3": {
      "integrity": "sha512-5xoDfX+fL7faATnagmWPpbFtwh/R77WmMMqqHGS65C3vvB0YHrgF+B1YmZ3441tMj5n63k0212XNoJwzlhffQw=="
    },
    "has-flag@4.0.0": {
      "integrity": "sha512-EykJT/Q1KjTWctppgIAgfSO0tKVuZUjhgMr17kqTumMl6Afv3EISleU7qZUzoXDFTAHTDC4NOoG/ZxU3EvlMPQ=="
    },
    "immutable@4.3.7": {
      "integrity": "sha512-1hqclzwYwjRDFLjcFxOM5AYkkG0rpFPpr1RLPMEuGczoS7YA8gLhy8SWXYRAA/XwfEHpfo3cw5JGioS32fnMRw=="
    },
    "nanoid@3.3.7": {
      "integrity": "sha512-eSRppjcPIatRIMC1U6UngP8XFcz8MQWGQdt1MTBQ7NaAmvXDfvNxbvWV3x2y6CdEUciCSsDHDQZbhYaB8QEo2g=="
    },
    "picocolors@1.1.1": {
      "integrity": "sha512-xceH2snhtb5M9liqDsmEw56le376mTZkEX/jEb/RxNFyegNul7eNslCXP9FDj/Lcu0X8KEyMceP2ntpaHrDEVA=="
    },
    "postcss@8.4.47": {
      "integrity": "sha512-56rxCq7G/XfB4EkXq9Egn5GCqugWvDFjafDOThIdMBsI15iqPqR5r15TfSr1YPYeEI19YeaXMCbY6u88Y76GLQ==",
      "dependencies": [
        "nanoid",
        "picocolors",
        "source-map-js"
      ]
    },
    "rollup@4.24.2": {
      "integrity": "sha512-do/DFGq5g6rdDhdpPq5qb2ecoczeK6y+2UAjdJ5trjQJj5f1AiVdLRWRc9A9/fFukfvJRgM0UXzxBIYMovm5ww==",
      "dependencies": [
        "@rollup/rollup-android-arm-eabi",
        "@rollup/rollup-android-arm64",
        "@rollup/rollup-darwin-arm64",
        "@rollup/rollup-darwin-x64",
        "@rollup/rollup-freebsd-arm64",
        "@rollup/rollup-freebsd-x64",
        "@rollup/rollup-linux-arm-gnueabihf",
        "@rollup/rollup-linux-arm-musleabihf",
        "@rollup/rollup-linux-arm64-gnu",
        "@rollup/rollup-linux-arm64-musl",
        "@rollup/rollup-linux-powerpc64le-gnu",
        "@rollup/rollup-linux-riscv64-gnu",
        "@rollup/rollup-linux-s390x-gnu",
        "@rollup/rollup-linux-x64-gnu",
        "@rollup/rollup-linux-x64-musl",
        "@rollup/rollup-win32-arm64-msvc",
        "@rollup/rollup-win32-ia32-msvc",
        "@rollup/rollup-win32-x64-msvc",
        "@types/estree",
        "fsevents"
      ]
    },
    "rxjs@7.8.1": {
      "integrity": "sha512-AA3TVj+0A2iuIoQkWEK/tqFjBq2j+6PO6Y0zJcvzLAFhEFIO3HL0vls9hWLncZbAAbK0mar7oZ4V079I/qPMxg==",
      "dependencies": [
        "tslib"
      ]
    },
    "sass-embedded-android-arm64@1.80.3": {
      "integrity": "sha512-uaEKdi+PaFc1V87vj2eCUB8B2ThNvEYYu9Qs5sCtx1atEQDtvp/smHYlXOVrg2M4+g2YASkDBQewyk+auZtG0g=="
    },
    "sass-embedded-android-arm@1.80.3": {
      "integrity": "sha512-i87crav7sfShzY7AyUneXvs4SWdJ93QlYIpo/2OQPTJV5MjJF8wUp0o9NT8Oo6sUJ26kfgsb64FwqQh1wO5uBg=="
    },
    "sass-embedded-android-ia32@1.80.3": {
      "integrity": "sha512-XCa4Se7vqWuV5tFLZuYWidPLUCeK7n1AgugircJl/9QPThCGZ2mSRF0Ipj3lv+Qw4GG9kkhCqJIrksTGbSFypw=="
    },
    "sass-embedded-android-riscv64@1.80.3": {
      "integrity": "sha512-Dn3hYh5rchfivnPrHoff2pWutuFYJRddzEXcjfb0JhgF7JmTA/6Dxaym0pqVpS1RmYDiAYnmoX5OeFtEkdVytA=="
    },
    "sass-embedded-android-x64@1.80.3": {
      "integrity": "sha512-QWOTHKPznYJnrP3HrlFYnAQOZ/c2am4ctK1cFIMtjQNGaFra8z94LZSQzAd6eeu6mITKwQbJuff36RpICZpgHA=="
    },
    "sass-embedded-darwin-arm64@1.80.3": {
      "integrity": "sha512-NqJXHzZGqVOarr36X5MIv0UCQHYVhOFXGe7kDhNqMQCiNApkVydseB5TM1C2lVaiWy2JaseRD/dUNS/o2ICKXw=="
    },
    "sass-embedded-darwin-x64@1.80.3": {
      "integrity": "sha512-6dmNn+oNxXE5uGThfAsHgz7Jg1oDhXHHQyPAnIIaMOM5dXv0D/nLmrlFbFajK0HtbzGaTVBTE6wkJwjASuP0Uw=="
    },
    "sass-embedded-linux-arm64@1.80.3": {
      "integrity": "sha512-a9IILen4I6oFFb5qMHOiFqIAoztPuvJ6VHNaFbktP8SUvH4FX63ZutR/qKisN9DoudzSXMZijv/aG/bTh0Kccw=="
    },
    "sass-embedded-linux-arm@1.80.3": {
      "integrity": "sha512-nZ7Y8gZgr+/fYrbsX3L8BfIafWXGVBcc0gKLoujad+axlFGv1MetO17S3vzrOQ1wuhjvDLVxceA/jtcta1qxoA=="
    },
    "sass-embedded-linux-ia32@1.80.3": {
      "integrity": "sha512-yKy4N0L9WfGokpBMHOhxzaS3jyzrHUg1+5Idi6J88onwxfpEhqOgdMcoqgOqvryMPrmKN7kW5d3iNpUYOniPnw=="
    },
    "sass-embedded-linux-musl-arm64@1.80.3": {
      "integrity": "sha512-mw4BPe42wlAwg6vgmGkg+MDDyXZBexvAWC+QigtfMjTVHuSAB527UVWhIyv4jAkKLp71mPowsXXsfa4UHzyBaA=="
    },
    "sass-embedded-linux-musl-arm@1.80.3": {
      "integrity": "sha512-yB7iSoS/phNHKFsZRW0rTRwoCTtOBELG/UYpIa2qATWZsDASSjdBitGsKS3nEliweveuGIVlUqG2kUKaq9M39g=="
    },
    "sass-embedded-linux-musl-ia32@1.80.3": {
      "integrity": "sha512-eyg5L9IFisCYYMXEZ/56X8k8wdhpfK06/j9MFAINE9U4C5NxQXrVWmMTEqgyfpmca8hziBlvbRrjdquteyXWfw=="
    },
    "sass-embedded-linux-musl-riscv64@1.80.3": {
      "integrity": "sha512-0VThiW7Gwo5UNgKyETYID6F2prHvOCH8fQQKM0sS/JSbTu1poTwD35yEptVxBpiTvyWwxI7K5Cbn0gtxobaqzA=="
    },
    "sass-embedded-linux-musl-x64@1.80.3": {
      "integrity": "sha512-ALSKlhTQdNS0cayyaXD8huNd+DRjWgCjDqyjvwSgemfLL+wtmVCO8h9rGu1MCwR8GHP6ceZCT2fBmjfcGHk0DQ=="
    },
    "sass-embedded-linux-riscv64@1.80.3": {
      "integrity": "sha512-/1JvuQi137BNO7iTvNNraGYEt9mh3ch44cabJBTxLn3IZV5vNblENI+Hrj9J8/VWIsJumwPQGZSUrMbZcgB0tg=="
    },
    "sass-embedded-linux-x64@1.80.3": {
      "integrity": "sha512-ISQUnl9oFA0PFPtgOpgotfKQ8guUBIYcTpkHEF9lQ4PyFIxkXppk5CwQ8l0VQcQaKhOD2HQAucoqM51U7FABqA=="
    },
    "sass-embedded-win32-arm64@1.80.3": {
      "integrity": "sha512-RFT/OsWHVagPYa/9v+KfVM99QgzwzwnT2maapRfulEH39v0uPGOIFNXmnhaN3E5gNLIjIn3CTnR9KjTC145E8Q=="
    },
    "sass-embedded-win32-ia32@1.80.3": {
      "integrity": "sha512-Is0eeX+UlWW7yPfDqc2Z2n9ql2rkA1uDaAkbHWWx5APc8CKYtds1w4B3Tyoy6lHnopEifgzgsnp6QSyOHHzPBg=="
    },
    "sass-embedded-win32-x64@1.80.3": {
      "integrity": "sha512-wehVA0atPloc6NKof/ctpW0agM+k7kiBLIpQs3/mi9FAlmTjxNnvntBPZIbl8n7AAExiLEir+x/LHC0yGhTfkg=="
    },
    "sass-embedded@1.80.3": {
      "integrity": "sha512-aTxTl4ToSAWg7ILFgAe+kMenj+zNlwHmHK/ZNPrOM8+HTef1Q6zuxolptYLijmHdZHKSMOkWYHgo5MMN6+GIyg==",
      "dependencies": [
        "@bufbuild/protobuf",
        "buffer-builder",
        "colorjs.io",
        "immutable",
        "rxjs",
        "sass-embedded-android-arm",
        "sass-embedded-android-arm64",
        "sass-embedded-android-ia32",
        "sass-embedded-android-riscv64",
        "sass-embedded-android-x64",
        "sass-embedded-darwin-arm64",
        "sass-embedded-darwin-x64",
        "sass-embedded-linux-arm",
        "sass-embedded-linux-arm64",
        "sass-embedded-linux-ia32",
        "sass-embedded-linux-musl-arm",
        "sass-embedded-linux-musl-arm64",
        "sass-embedded-linux-musl-ia32",
        "sass-embedded-linux-musl-riscv64",
        "sass-embedded-linux-musl-x64",
        "sass-embedded-linux-riscv64",
        "sass-embedded-linux-x64",
        "sass-embedded-win32-arm64",
        "sass-embedded-win32-ia32",
        "sass-embedded-win32-x64",
        "supports-color",
        "varint"
      ]
    },
    "source-map-js@1.2.1": {
      "integrity": "sha512-UXWMKhLOwVKb728IUtQPXxfYU+usdybtUrK/8uGE8CQMvrhOpwvzDBwj0QhSL7MQc7vIsISBG8VQ8+IDQxpfQA=="
    },
    "supports-color@8.1.1": {
      "integrity": "sha512-MpUEN2OodtUzxvKQl72cUF7RQ5EiHsGvSsVG0ia9c5RbWGL2CI4C7EpPS8UTBIplnlzZiNuV56w+FuNxy3ty2Q==",
      "dependencies": [
        "has-flag"
      ]
    },
    "tslib@2.8.0": {
      "integrity": "sha512-jWVzBLplnCmoaTr13V9dYbiQ99wvZRd0vNWaDRg+aVYRcjDF3nDksxFDE/+fkXnKhpnUUkmx5pK/v8mCtLVqZA=="
    },
    "typescript@5.6.3": {
      "integrity": "sha512-hjcS1mhfuyi4WW8IWtjP7brDrG2cuDZukyrYrSauoXGNgx0S7zceP07adYkJycEr56BOUTNPzbInooiN3fn1qw=="
    },
    "varint@6.0.0": {
      "integrity": "sha512-cXEIW6cfr15lFv563k4GuVuW/fiwjknytD37jIOLSdSWuOI6WnO/oKwmP2FQTU2l01LP8/M5TSAJpzUaGe3uWg=="
    },
    "vite-plugin-biome@1.0.12_@biomejs+biome@1.9.4": {
      "integrity": "sha512-/+fBi1S+UEYtTu361IXQLZB8cSV/z4WoyK9cp/Dd1hHT6wGnFb+4Wcjwog3Y7HSUqNJbCdFWTYTyX4hwyO2iBg==",
      "dependencies": [
        "@biomejs/biome"
      ]
    },
    "vite@5.4.10_sass-embedded@1.80.3": {
      "integrity": "sha512-1hvaPshuPUtxeQ0hsVH3Mud0ZanOLwVTneA1EgbAM5LhaZEqyPWGRQ7BtaMvUrTDeEaC8pxtj6a6jku3x4z6SQ==",
      "dependencies": [
        "esbuild",
        "fsevents",
        "postcss",
        "rollup",
        "sass-embedded"
      ]
    }
  },
  "workspace": {
    "dependencies": [
      "npm:@biomejs/biome@1.9.4",
      "npm:@deno/vite-plugin@1.0.0",
      "npm:sass-embedded@1.80.3",
      "npm:typescript@5.6.3",
      "npm:vite-plugin-biome@1.0.12",
      "npm:vite@5.4.10"
    ]
  }
}
